// !$*UTF8*$!
{
	archiveVersion = 1;
	classes = {
	};
	objectVersion = 50;
	objects = {

/* Begin PBXBuildFile section */
		7CDEB25C20FB838200356206 /* AppDelegate.m in Sources */ = {isa = PBXBuildFile; fileRef = 7CDEB25B20FB838200356206 /* AppDelegate.m */; };
		7CDEB25E20FB838300356206 /* Assets.xcassets in Resources */ = {isa = PBXBuildFile; fileRef = 7CDEB25D20FB838300356206 /* Assets.xcassets */; };
		7CDEB26120FB838300356206 /* MainMenu.xib in Resources */ = {isa = PBXBuildFile; fileRef = 7CDEB25F20FB838300356206 /* MainMenu.xib */; };
		7CDEB26420FB838300356206 /* main.m in Sources */ = {isa = PBXBuildFile; fileRef = 7CDEB26320FB838300356206 /* main.m */; };
		7CDEB27120FBB6C400356206 /* PositionWindowController.m in Sources */ = {isa = PBXBuildFile; fileRef = 7CDEB26F20FBB6C400356206 /* PositionWindowController.m */; };
		7CDEB27220FBB6C400356206 /* PositionWindow.xib in Resources */ = {isa = PBXBuildFile; fileRef = 7CDEB27020FBB6C400356206 /* PositionWindow.xib */; };
/* End PBXBuildFile section */

/* Begin PBXFileReference section */
		7CDEB25720FB838200356206 /* WindowsAndViewsExample.app */ = {isa = PBXFileReference; explicitFileType = wrapper.application; includeInIndex = 0; path = WindowsAndViewsExample.app; sourceTree = BUILT_PRODUCTS_DIR; };
		7CDEB25A20FB838200356206 /* AppDelegate.h */ = {isa = PBXFileReference; lastKnownFileType = sourcecode.c.h; path = AppDelegate.h; sourceTree = "<group>"; };
		7CDEB25B20FB838200356206 /* AppDelegate.m */ = {isa = PBXFileReference; lastKnownFileType = sourcecode.c.objc; path = AppDelegate.m; sourceTree = "<group>"; };
		7CDEB25D20FB838300356206 /* Assets.xcassets */ = {isa = PBXFileReference; lastKnownFileType = folder.assetcatalog; path = Assets.xcassets; sourceTree = "<group>"; };
		7CDEB26020FB838300356206 /* Base */ = {isa = PBXFileReference; lastKnownFileType = file.xib; name = Base; path = Base.lproj/MainMenu.xib; sourceTree = "<group>"; };
		7CDEB26220FB838300356206 /* Info.plist */ = {isa = PBXFileReference; lastKnownFileType = text.plist.xml; path = Info.plist; sourceTree = "<group>"; };
		7CDEB26320FB838300356206 /* main.m */ = {isa = PBXFileReference; lastKnownFileType = sourcecode.c.objc; path = main.m; sourceTree = "<group>"; };
		7CDEB26520FB838300356206 /* WindowsAndViewsExample.entitlements */ = {isa = PBXFileReference; lastKnownFileType = text.plist.entitlements; path = WindowsAndViewsExample.entitlements; sourceTree = "<group>"; };
		7CDEB26E20FBB6C400356206 /* PositionWindowController.h */ = {isa = PBXFileReference; lastKnownFileType = sourcecode.c.h; path = PositionWindowController.h; sourceTree = "<group>"; };
		7CDEB26F20FBB6C400356206 /* PositionWindowController.m */ = {isa = PBXFileReference; lastKnownFileType = sourcecode.c.objc; path = PositionWindowController.m; sourceTree = "<group>"; };
		7CDEB27020FBB6C400356206 /* PositionWindow.xib */ = {isa = PBXFileReference; lastKnownFileType = file.xib; path = PositionWindow.xib; sourceTree = "<group>"; };
/* End PBXFileReference section */

/* Begin PBXFrameworksBuildPhase section */
		7CDEB25420FB838200356206 /* Frameworks */ = {
			isa = PBXFrameworksBuildPhase;
			buildActionMask = 2147483647;
			files = (
			);
			runOnlyForDeploymentPostprocessing = 0;
		};
/* End PBXFrameworksBuildPhase section */

/* Begin PBXGroup section */
		7CDEB24E20FB838200356206 = {
			isa = PBXGroup;
			children = (
				7CDEB25920FB838200356206 /* WindowsAndViewsExample */,
				7CDEB25820FB838200356206 /* Products */,
			);
			sourceTree = "<group>";
		};
		7CDEB25820FB838200356206 /* Products */ = {
			isa = PBXGroup;
			children = (
				7CDEB25720FB838200356206 /* WindowsAndViewsExample.app */,
			);
			name = Products;
			sourceTree = "<group>";
		};
		7CDEB25920FB838200356206 /* WindowsAndViewsExample */ = {
			isa = PBXGroup;
			children = (
				7CDEB25A20FB838200356206 /* AppDelegate.h */,
				7CDEB25B20FB838200356206 /* AppDelegate.m */,
				7CDEB26E20FBB6C400356206 /* PositionWindowController.h */,
				7CDEB26F20FBB6C400356206 /* PositionWindowController.m */,
				7CDEB27020FBB6C400356206 /* PositionWindow.xib */,
				7CDEB25D20FB838300356206 /* Assets.xcassets */,
				7CDEB25F20FB838300356206 /* MainMenu.xib */,
				7CDEB26220FB838300356206 /* Info.plist */,
				7CDEB26320FB838300356206 /* main.m */,
				7CDEB26520FB838300356206 /* WindowsAndViewsExample.entitlements */,
			);
			path = WindowsAndViewsExample;
			sourceTree = "<group>";
		};
/* End PBXGroup section */

/* Begin PBXNativeTarget section */
		7CDEB25620FB838200356206 /* WindowsAndViewsExample */ = {
			isa = PBXNativeTarget;
			buildConfigurationList = 7CDEB26820FB838300356206 /* Build configuration list for PBXNativeTarget "WindowsAndViewsExample" */;
			buildPhases = (
				7CDEB25320FB838200356206 /* Sources */,
				7CDEB25420FB838200356206 /* Frameworks */,
				7CDEB25520FB838200356206 /* Resources */,
			);
			buildRules = (
			);
			dependencies = (
			);
			name = WindowsAndViewsExample;
			productName = WindowsAndViewsExample;
			productReference = 7CDEB25720FB838200356206 /* WindowsAndViewsExample.app */;
			productType = "com.apple.product-type.application";
		};
/* End PBXNativeTarget section */

/* Begin PBXProject section */
		7CDEB24F20FB838200356206 /* Project object */ = {
			isa = PBXProject;
			attributes = {
				LastUpgradeCheck = 0940;
				ORGANIZATIONNAME = "Michael Vilabrera";
				TargetAttributes = {
					7CDEB25620FB838200356206 = {
						CreatedOnToolsVersion = 9.4;
					};
				};
			};
			buildConfigurationList = 7CDEB25220FB838200356206 /* Build configuration list for PBXProject "WindowsAndViewsExample" */;
			compatibilityVersion = "Xcode 9.3";
			developmentRegion = en;
			hasScannedForEncodings = 0;
			knownRegions = (
				en,
				Base,
			);
			mainGroup = 7CDEB24E20FB838200356206;
			productRefGroup = 7CDEB25820FB838200356206 /* Products */;
			projectDirPath = "";
			projectRoot = "";
			targets = (
				7CDEB25620FB838200356206 /* WindowsAndViewsExample */,
			);
		};
/* End PBXProject section */

/* Begin PBXResourcesBuildPhase section */
		7CDEB25520FB838200356206 /* Resources */ = {
			isa = PBXResourcesBuildPhase;
			buildActionMask = 2147483647;
			files = (
				7CDEB25E20FB838300356206 /* Assets.xcassets in Resources */,
				7CDEB26120FB838300356206 /* MainMenu.xib in Resources */,
				7CDEB27220FBB6C400356206 /* PositionWindow.xib in Resources */,
			);
			runOnlyForDeploymentPostprocessing = 0;
		};
/* End PBXResourcesBuildPhase section */

/* Begin PBXSourcesBuildPhase section */
		7CDEB25320FB838200356206 /* Sources */ = {
			isa = PBXSourcesBuildPhase;
			buildActionMask = 2147483647;
			files = (
				7CDEB27120FBB6C400356206 /* PositionWindowController.m in Sources */,
				7CDEB26420FB838300356206 /* main.m in Sources */,
				7CDEB25C20FB838200356206 /* AppDelegate.m in Sources */,
			);
			runOnlyForDeploymentPostprocessing = 0;
		};
/* End PBXSourcesBuildPhase section */

/* Begin PBXVariantGroup section */
		7CDEB25F20FB838300356206 /* MainMenu.xib */ = {
			isa = PBXVariantGroup;
			children = (
				7CDEB26020FB838300356206 /* Base */,
			);
			name = MainMenu.xib;
			sourceTree = "<group>";
		};
/* End PBXVariantGroup section */

/* Begin XCBuildConfiguration section */
		7CDEB26620FB838300356206 /* Debug */ = {
			isa = XCBuildConfiguration;
			buildSettings = {
				ALWAYS_SEARCH_USER_PATHS = NO;
				CLANG_ANALYZER_NONNULL = YES;
				CLANG_ANALYZER_NUMBER_OBJECT_CONVERSION = YES_AGGRESSIVE;
				CLANG_CXX_LANGUAGE_STANDARD = "gnu++14";
				CLANG_CXX_LIBRARY = "libc++";
				CLANG_ENABLE_MODULES = YES;
				CLANG_ENABLE_OBJC_ARC = YES;
				CLANG_ENABLE_OBJC_WEAK = YES;
				CLANG_WARN_BLOCK_CAPTURE_AUTORELEASING = YES;
				CLANG_WARN_BOOL_CONVERSION = YES;
				CLANG_WARN_COMMA = YES;
				CLANG_WARN_CONSTANT_CONVERSION = YES;
				CLANG_WARN_DEPRECATED_OBJC_IMPLEMENTATIONS = YES;
				CLANG_WARN_DIRECT_OBJC_ISA_USAGE = YES_ERROR;
				CLANG_WARN_DOCUMENTATION_COMMENTS = YES;
				CLANG_WARN_EMPTY_BODY = YES;
				CLANG_WARN_ENUM_CONVERSION = YES;
				CLANG_WARN_INFINITE_RECURSION = YES;
				CLANG_WARN_INT_CONVERSION = YES;
				CLANG_WARN_NON_LITERAL_NULL_CONVERSION = YES;
				CLANG_WARN_OBJC_IMPLICIT_RETAIN_SELF = YES;
				CLANG_WARN_OBJC_LITERAL_CONVERSION = YES;
				CLANG_WARN_OBJC_ROOT_CLASS = YES_ERROR;
				CLANG_WARN_RANGE_LOOP_ANALYSIS = YES;
				CLANG_WARN_STRICT_PROTOTYPES = YES;
				CLANG_WARN_SUSPICIOUS_MOVE = YES;
				CLANG_WARN_UNGUARDED_AVAILABILITY = YES_AGGRESSIVE;
				CLANG_WARN_UNREACHABLE_CODE = YES;
				CLANG_WARN__DUPLICATE_METHOD_MATCH = YES;
				CODE_SIGN_IDENTITY = "Mac Developer";
				COPY_PHASE_STRIP = NO;
				DEBUG_INFORMATION_FORMAT = dwarf;
				ENABLE_STRICT_OBJC_MSGSEND = YES;
				ENABLE_TESTABILITY = YES;
				GCC_C_LANGUAGE_STANDARD = gnu11;
				GCC_DYNAMIC_NO_PIC = NO;
				GCC_NO_COMMON_BLOCKS = YES;
				GCC_OPTIMIZATION_LEVEL = 0;
				GCC_PREPROCESSOR_DEFINITIONS = (
					"DEBUG=1",
					"$(inherited)",
				);
				GCC_WARN_64_TO_32_BIT_CONVERSION = YES;
				GCC_WARN_ABOUT_RETURN_TYPE = YES_ERROR;
				GCC_WARN_UNDECLARED_SELECTOR = YES;
				GCC_WARN_UNINITIALIZED_AUTOS = YES_AGGRESSIVE;
				GCC_WARN_UNUSED_FUNCTION = YES;
				GCC_WARN_UNUSED_VARIABLE = YES;
				MACOSX_DEPLOYMENT_TARGET = 10.13;
				MTL_ENABLE_DEBUG_INFO = YES;
				ONLY_ACTIVE_ARCH = YES;
				SDKROOT = macosx;
			};
			name = Debug;
		};
		7CDEB26720FB838300356206 /* Release */ = {
			isa = XCBuildConfiguration;
			buildSettings = {
				ALWAYS_SEARCH_USER_PATHS = NO;
				CLANG_ANALYZER_NONNULL = YES;
				CLANG_ANALYZER_NUMBER_OBJECT_CONVERSION = YES_AGGRESSIVE;
				CLANG_CXX_LANGUAGE_STANDARD = "gnu++14";
				CLANG_CXX_LIBRARY = "libc++";
				CLANG_ENABLE_MODULES = YES;
				CLANG_ENABLE_OBJC_ARC = YES;
				CLANG_ENABLE_OBJC_WEAK = YES;
				CLANG_WARN_BLOCK_CAPTURE_AUTORELEASING = YES;
				CLANG_WARN_BOOL_CONVERSION = YES;
				CLANG_WARN_COMMA = YES;
				CLANG_WARN_CONSTANT_CONVERSION = YES;
				CLANG_WARN_DEPRECATED_OBJC_IMPLEMENTATIONS = YES;
				CLANG_WARN_DIRECT_OBJC_ISA_USAGE = YES_ERROR;
				CLANG_WARN_DOCUMENTATION_COMMENTS = YES;
				CLANG_WARN_EMPTY_BODY = YES;
				CLANG_WARN_ENUM_CONVERSION = YES;
				CLANG_WARN_INFINITE_RECURSION = YES;
				CLANG_WARN_INT_CONVERSION = YES;
				CLANG_WARN_NON_LITERAL_NULL_CONVERSION = YES;
				CLANG_WARN_OBJC_IMPLICIT_RETAIN_SELF = YES;
				CLANG_WARN_OBJC_LITERAL_CONVERSION = YES;
				CLANG_WARN_OBJC_ROOT_CLASS = YES_ERROR;
				CLANG_WARN_RANGE_LOOP_ANALYSIS = YES;
				CLANG_WARN_STRICT_PROTOTYPES = YES;
				CLANG_WARN_SUSPICIOUS_MOVE = YES;
				CLANG_WARN_UNGUARDED_AVAILABILITY = YES_AGGRESSIVE;
				CLANG_WARN_UNREACHABLE_CODE = YES;
				CLANG_WARN__DUPLICATE_METHOD_MATCH = YES;
				CODE_SIGN_IDENTITY = "Mac Developer";
				COPY_PHASE_STRIP = NO;
				DEBUG_INFORMATION_FORMAT = "dwarf-with-dsym";
				ENABLE_NS_ASSERTIONS = NO;
				ENABLE_STRICT_OBJC_MSGSEND = YES;
				GCC_C_LANGUAGE_STANDARD = gnu11;
				GCC_NO_COMMON_BLOCKS = YES;
				GCC_WARN_64_TO_32_BIT_CONVERSION = YES;
				GCC_WARN_ABOUT_RETURN_TYPE = YES_ERROR;
				GCC_WARN_UNDECLARED_SELECTOR = YES;
				GCC_WARN_UNINITIALIZED_AUTOS = YES_AGGRESSIVE;
				GCC_WARN_UNUSED_FUNCTION = YES;
				GCC_WARN_UNUSED_VARIABLE = YES;
				MACOSX_DEPLOYMENT_TARGET = 10.13;
				MTL_ENABLE_DEBUG_INFO = NO;
				SDKROOT = macosx;
			};
			name = Release;
		};
		7CDEB26920FB838300356206 /* Debug */ = {
			isa = XCBuildConfiguration;
			buildSettings = {
				ASSETCATALOG_COMPILER_APPICON_NAME = AppIcon;
				CODE_SIGN_ENTITLEMENTS = WindowsAndViewsExample/WindowsAndViewsExample.entitlements;
				CODE_SIGN_STYLE = Automatic;
				COMBINE_HIDPI_IMAGES = YES;
				DEVELOPMENT_TEAM = 5Q3CLN5Y6Q;
				INFOPLIST_FILE = WindowsAndViewsExample/Info.plist;
				LD_RUNPATH_SEARCH_PATHS = (
					"$(inherited)",
					"@executable_path/../Frameworks",
				);
				PRODUCT_BUNDLE_IDENTIFIER = FullMetalFist.WindowsAndViewsExample;
				PRODUCT_NAME = "$(TARGET_NAME)";
			};
			name = Debug;
		};
		7CDEB26A20FB838300356206 /* Release */ = {
			isa = XCBuildConfiguration;
			buildSettings = {
				ASSETCATALOG_COMPILER_APPICON_NAME = AppIcon;
				CODE_SIGN_ENTITLEMENTS = WindowsAndViewsExample/WindowsAndViewsExample.entitlements;
				CODE_SIGN_STYLE = Automatic;
				COMBINE_HIDPI_IMAGES = YES;
				DEVELOPMENT_TEAM = 5Q3CLN5Y6Q;
				INFOPLIST_FILE = WindowsAndViewsExample/Info.plist;
				LD_RUNPATH_SEARCH_PATHS = (
					"$(inherited)",
					"@executable_path/../Frameworks",
				);
				PRODUCT_BUNDLE_IDENTIFIER = FullMetalFist.WindowsAndViewsExample;
				PRODUCT_NAME = "$(TARGET_NAME)";
			};
			name = Release;
		};
/* End XCBuildConfiguration section */

/* Begin XCConfigurationList section */
		7CDEB25220FB838200356206 /* Build configuration list for PBXProject "WindowsAndViewsExample" */ = {
			isa = XCConfigurationList;
			buildConfigurations = (
				7CDEB26620FB838300356206 /* Debug */,
				7CDEB26720FB838300356206 /* Release */,
			);
			defaultConfigurationIsVisible = 0;
			defaultConfigurationName = Release;
		};
		7CDEB26820FB838300356206 /* Build configuration list for PBXNativeTarget "WindowsAndViewsExample" */ = {
			isa = XCConfigurationList;
			buildConfigurations = (
				7CDEB26920FB838300356206 /* Debug */,
				7CDEB26A20FB838300356206 /* Release */,
			);
			defaultConfigurationIsVisible = 0;
			defaultConfigurationName = Release;
		};
/* End XCConfigurationList section */
	};
	rootObject = 7CDEB24F20FB838200356206 /* Project object */;
}
